// !$*UTF8*$!
{
	archiveVersion = 1;
	classes = {
	};
	objectVersion = 48;
	objects = {

/* Begin PBXBuildFile section */
		05483FE31349F306D45026C0 /* HostBridgeTests.swift in Sources */ = {isa = PBXBuildFile; fileRef = 941F7016C52F6B991858BFD4 /* HostBridgeTests.swift */; };
		A1B2C3D4E5F600000000FF01 /* HostFunctionsTests.swift in Sources */ = {isa = PBXBuildFile; fileRef = A1B2C3D4E5F600000000FF02 /* HostFunctionsTests.swift */; };
		A1B2C3D4E5F600000000FF11 /* CryptoHostTests.swift in Sources */ = {isa = PBXBuildFile; fileRef = A1B2C3D4E5F600000000FF12 /* CryptoHostTests.swift */; };
		A1B2C3D4E5F600000000FF04 /* HostBridgeMediaTests.swift in Sources */ = {isa = PBXBuildFile; fileRef = A1B2C3D4E5F600000000FF03 /* HostBridgeMediaTests.swift */; };
		13E4EC3C45DA72EF0950953D /* WorkerBundleParityTests.swift in Sources */ = {isa = PBXBuildFile; fileRef = B36CD9CADF6F132C9A9BAAE5 /* WorkerBundleParityTests.swift */; };
		251E965ABC2E507BDAF37ED5 /* Pods_AppTests.framework in Frameworks */ = {isa = PBXBuildFile; fileRef = 17ABBD4539EDBE292DFB23E7 /* Pods_AppTests.framework */; };
		2FAD9763203C412B000D30F8 /* config.xml in Resources */ = {isa = PBXBuildFile; fileRef = 2FAD9762203C412B000D30F8 /* config.xml */; };
		50379B232058CBB4000EE86E /* capacitor.config.json in Resources */ = {isa = PBXBuildFile; fileRef = 50379B222058CBB4000EE86E /* capacitor.config.json */; };
		504EC3081FED79650016851F /* AppDelegate.swift in Sources */ = {isa = PBXBuildFile; fileRef = 504EC3071FED79650016851F /* AppDelegate.swift */; };
		D000000000000000000000E2 /* MainViewController.swift in Sources */ = {isa = PBXBuildFile; fileRef = D000000000000000000000E1 /* MainViewController.swift */; };
		504EC30D1FED79650016851F /* Main.storyboard in Resources */ = {isa = PBXBuildFile; fileRef = 504EC30B1FED79650016851F /* Main.storyboard */; };
		504EC30F1FED79650016851F /* Assets.xcassets in Resources */ = {isa = PBXBuildFile; fileRef = 504EC30E1FED79650016851F /* Assets.xcassets */; };
		504EC3121FED79650016851F /* LaunchScreen.storyboard in Resources */ = {isa = PBXBuildFile; fileRef = 504EC3101FED79650016851F /* LaunchScreen.storyboard */; };
		50B271D11FEDC1A000F3C39B /* public in Resources */ = {isa = PBXBuildFile; fileRef = 50B271D01FEDC1A000F3C39B /* public */; };
		6EB04D6B0DEC313136AB77A5 /* PathSandboxTests.swift in Sources */ = {isa = PBXBuildFile; fileRef = 7FBA8F4FD583EAFC5EFEC48E /* PathSandboxTests.swift */; };
		9A1C4D2E7B3F5061A8C4D202 /* DatabasesConfigFileTests.swift in Sources */ = {isa = PBXBuildFile; fileRef = 9A1C4D2E7B3F5061A8C4D201 /* DatabasesConfigFileTests.swift */; };
		D0000000000000000000B100 /* TcpHostTests.swift in Sources */ = {isa = PBXBuildFile; fileRef = D0000000000000000000A100 /* TcpHostTests.swift */; };
		D0000000000000000000B101 /* MediaRunnerTests.swift in Sources */ = {isa = PBXBuildFile; fileRef = D0000000000000000000A101 /* MediaRunnerTests.swift */; };
		D0000000000000000000B103 /* ImportPickerTests.swift in Sources */ = {isa = PBXBuildFile; fileRef = D0000000000000000000A103 /* ImportPickerTests.swift */; };
		73F80B325942FD7BAAC99376 /* NotImplementedTests.swift in Sources */ = {isa = PBXBuildFile; fileRef = 07855680FE24064B7769CBB4 /* NotImplementedTests.swift */; };
		A1B2C3D4E5F600000000FF21 /* PickFilesCopyFailureTests.swift in Sources */ = {isa = PBXBuildFile; fileRef = A1B2C3D4E5F600000000FF22 /* PickFilesCopyFailureTests.swift */; };
		8108CF91E144FF97BA5C7390 /* EnginePoolTests.swift in Sources */ = {isa = PBXBuildFile; fileRef = 79D28BB3B7D9903A032E51CC /* EnginePoolTests.swift */; };
		A084ECDBA7D38E1E42DFC39D /* Pods_App.framework in Frameworks */ = {isa = PBXBuildFile; fileRef = AF277DCFFFF123FFC6DF26C7 /* Pods_App.framework */; };
		D000000000000000000000B1 /* EngineCallbacks.swift in Sources */ = {isa = PBXBuildFile; fileRef = D000000000000000000000A1 /* EngineCallbacks.swift */; };
		D000000000000000000000B2 /* EnginePool.swift in Sources */ = {isa = PBXBuildFile; fileRef = D000000000000000000000A2 /* EnginePool.swift */; };
		D000000000000000000000B3 /* HostBridge.swift in Sources */ = {isa = PBXBuildFile; fileRef = D000000000000000000000A3 /* HostBridge.swift */; };
		D000000000000000000000B4 /* JavaScriptCoreTaskEngine.swift in Sources */ = {isa = PBXBuildFile; fileRef = D000000000000000000000A4 /* JavaScriptCoreTaskEngine.swift */; };
		D000000000000000000000B5 /* JsEnginePlugin.m in Sources */ = {isa = PBXBuildFile; fileRef = D000000000000000000000A5 /* JsEnginePlugin.m */; };
		D000000000000000000000B6 /* JsEnginePlugin.swift in Sources */ = {isa = PBXBuildFile; fileRef = D000000000000000000000A6 /* JsEnginePlugin.swift */; };
		D000000000000000000000B7 /* PathSandbox.swift in Sources */ = {isa = PBXBuildFile; fileRef = D000000000000000000000A7 /* PathSandbox.swift */; };
		D000000000000000000000BB /* ImportPicker.swift in Sources */ = {isa = PBXBuildFile; fileRef = D000000000000000000000AB /* ImportPicker.swift */; };
		D000000000000000000000CF /* ExportTemp.swift in Sources */ = {isa = PBXBuildFile; fileRef = D000000000000000000000AF /* ExportTemp.swift */; };
		D0000000000000000000B102 /* ExportTempTests.swift in Sources */ = {isa = PBXBuildFile; fileRef = D0000000000000000000A102 /* ExportTempTests.swift */; };
		D000000000000000000000BC /* CryptoHost.swift in Sources */ = {isa = PBXBuildFile; fileRef = D000000000000000000000AC /* CryptoHost.swift */; };
		E1D0C0B0A0900000000000B1 /* SecureStore.swift in Sources */ = {isa = PBXBuildFile; fileRef = E1D0C0B0A0900000000000A1 /* SecureStore.swift */; };
		E1D0C0B0A0900000000000B2 /* SecureStoreHost.swift in Sources */ = {isa = PBXBuildFile; fileRef = E1D0C0B0A0900000000000A2 /* SecureStoreHost.swift */; };
		E1D0C0B0A0900000000000B3 /* SecureStorePlugin.swift in Sources */ = {isa = PBXBuildFile; fileRef = E1D0C0B0A0900000000000A3 /* SecureStorePlugin.swift */; };
		E1D0C0B0A0900000000000B4 /* SecureStorePlugin.m in Sources */ = {isa = PBXBuildFile; fileRef = E1D0C0B0A0900000000000A4 /* SecureStorePlugin.m */; };
		E1D0C0B0A0900000000000B5 /* SecureStoreTests.swift in Sources */ = {isa = PBXBuildFile; fileRef = E1D0C0B0A0900000000000A5 /* SecureStoreTests.swift */; };
		D000000000000000000000BD /* UdpHost.swift in Sources */ = {isa = PBXBuildFile; fileRef = D000000000000000000000AD /* UdpHost.swift */; };
		D000000000000000000000BE /* TlsHost.swift in Sources */ = {isa = PBXBuildFile; fileRef = D000000000000000000000AE /* TlsHost.swift */; };
		FFEE0000000000000000B001 /* FFmpegKitFullSPM in Frameworks */ = {isa = PBXBuildFile; productRef = FFEE0000000000000000A001 /* FFmpegKitFullSPM */; };
		D000000000000000000000B8 /* PooledTask.swift in Sources */ = {isa = PBXBuildFile; fileRef = D000000000000000000000A8 /* PooledTask.swift */; };
		D000000000000000000000B9 /* TaskEngine.swift in Sources */ = {isa = PBXBuildFile; fileRef = D000000000000000000000A9 /* TaskEngine.swift */; };
		D000000000000000000000BA /* TcpHost.swift in Sources */ = {isa = PBXBuildFile; fileRef = D000000000000000000000AA /* TcpHost.swift */; };
		D000000000000000000000F3 /* run_magick.c in Sources */ = {isa = PBXBuildFile; fileRef = D000000000000000000000E3 /* run_magick.c */; };
		D000000000000000000000F4 /* MediaToolRunner.swift in Sources */ = {isa = PBXBuildFile; fileRef = D000000000000000000000E4 /* MediaToolRunner.swift */; };
		D000000000000000000000F5 /* ImageMagickRunner.swift in Sources */ = {isa = PBXBuildFile; fileRef = D000000000000000000000E5 /* ImageMagickRunner.swift */; };
		D000000000000000000000F6 /* FfmpegKitRunner.swift in Sources */ = {isa = PBXBuildFile; fileRef = D000000000000000000000E6 /* FfmpegKitRunner.swift */; };
		D000000000000000000000D2 /* worker.bundle.js in Resources */ = {isa = PBXBuildFile; fileRef = D000000000000000000000D1 /* worker.bundle.js */; };
		E0338ECE1EB4F25F0FEF21BB /* Foundation.framework in Frameworks */ = {isa = PBXBuildFile; fileRef = C33C28F06BF4AE2905753A5B /* Foundation.framework */; };
/* End PBXBuildFile section */

/* Begin PBXContainerItemProxy section */
		6749A436449C331FDFBDE12A /* PBXContainerItemProxy */ = {
			isa = PBXContainerItemProxy;
			containerPortal = 504EC2FC1FED79650016851F /* Project object */;
			proxyType = 1;
			remoteGlobalIDString = 504EC3031FED79650016851F;
			remoteInfo = App;
		};
/* End PBXContainerItemProxy section */

/* Begin PBXFileReference section */
		07855680FE24064B7769CBB4 /* NotImplementedTests.swift */ = {isa = PBXFileReference; includeInIndex = 1; lastKnownFileType = sourcecode.swift; path = NotImplementedTests.swift; sourceTree = "<group>"; };
		A1B2C3D4E5F600000000FF22 /* PickFilesCopyFailureTests.swift */ = {isa = PBXFileReference; includeInIndex = 1; lastKnownFileType = sourcecode.swift; path = PickFilesCopyFailureTests.swift; sourceTree = "<group>"; };
		17ABBD4539EDBE292DFB23E7 /* Pods_AppTests.framework */ = {isa = PBXFileReference; explicitFileType = wrapper.framework; includeInIndex = 0; path = Pods_AppTests.framework; sourceTree = BUILT_PRODUCTS_DIR; };
		2FAD9762203C412B000D30F8 /* config.xml */ = {isa = PBXFileReference; lastKnownFileType = text.xml; path = config.xml; sourceTree = "<group>"; };
		4F7072CFB47B9D6D5E9DCC75 /* AppTests.xctest */ = {isa = PBXFileReference; explicitFileType = wrapper.cfbundle; includeInIndex = 0; path = AppTests.xctest; sourceTree = BUILT_PRODUCTS_DIR; };
		50379B222058CBB4000EE86E /* capacitor.config.json */ = {isa = PBXFileReference; fileEncoding = 4; lastKnownFileType = text.json; path = capacitor.config.json; sourceTree = "<group>"; };
		504EC3041FED79650016851F /* App.app */ = {isa = PBXFileReference; explicitFileType = wrapper.application; includeInIndex = 0; path = App.app; sourceTree = BUILT_PRODUCTS_DIR; };
		504EC3071FED79650016851F /* AppDelegate.swift */ = {isa = PBXFileReference; lastKnownFileType = sourcecode.swift; path = AppDelegate.swift; sourceTree = "<group>"; };
		D000000000000000000000E1 /* MainViewController.swift */ = {isa = PBXFileReference; lastKnownFileType = sourcecode.swift; path = MainViewController.swift; sourceTree = "<group>"; };
		504EC30C1FED79650016851F /* Base */ = {isa = PBXFileReference; lastKnownFileType = file.storyboard; name = Base; path = Base.lproj/Main.storyboard; sourceTree = "<group>"; };
		504EC30E1FED79650016851F /* Assets.xcassets */ = {isa = PBXFileReference; lastKnownFileType = folder.assetcatalog; path = Assets.xcassets; sourceTree = "<group>"; };
		504EC3111FED79650016851F /* Base */ = {isa = PBXFileReference; lastKnownFileType = file.storyboard; name = Base; path = Base.lproj/LaunchScreen.storyboard; sourceTree = "<group>"; };
		504EC3131FED79650016851F /* Info.plist */ = {isa = PBXFileReference; lastKnownFileType = text.plist.xml; path = Info.plist; sourceTree = "<group>"; };
		50B271D01FEDC1A000F3C39B /* public */ = {isa = PBXFileReference; lastKnownFileType = folder; path = public; sourceTree = "<group>"; };
		79D28BB3B7D9903A032E51CC /* EnginePoolTests.swift */ = {isa = PBXFileReference; includeInIndex = 1; lastKnownFileType = sourcecode.swift; path = EnginePoolTests.swift; sourceTree = "<group>"; };
		7FBA8F4FD583EAFC5EFEC48E /* PathSandboxTests.swift */ = {isa = PBXFileReference; includeInIndex = 1; lastKnownFileType = sourcecode.swift; path = PathSandboxTests.swift; sourceTree = "<group>"; };
		9A1C4D2E7B3F5061A8C4D201 /* DatabasesConfigFileTests.swift */ = {isa = PBXFileReference; includeInIndex = 1; lastKnownFileType = sourcecode.swift; path = DatabasesConfigFileTests.swift; sourceTree = "<group>"; };
		D0000000000000000000A100 /* TcpHostTests.swift */ = {isa = PBXFileReference; includeInIndex = 1; lastKnownFileType = sourcecode.swift; path = TcpHostTests.swift; sourceTree = "<group>"; };
		D0000000000000000000A101 /* MediaRunnerTests.swift */ = {isa = PBXFileReference; includeInIndex = 1; lastKnownFileType = sourcecode.swift; path = MediaRunnerTests.swift; sourceTree = "<group>"; };
		D0000000000000000000A103 /* ImportPickerTests.swift */ = {isa = PBXFileReference; includeInIndex = 1; lastKnownFileType = sourcecode.swift; path = ImportPickerTests.swift; sourceTree = "<group>"; };
		83151A04F7CCCA92455397D7 /* Pods-AppTests.debug.xcconfig */ = {isa = PBXFileReference; includeInIndex = 1; lastKnownFileType = text.xcconfig; name = "Pods-AppTests.debug.xcconfig"; path = "Pods/Target Support Files/Pods-AppTests/Pods-AppTests.debug.xcconfig"; sourceTree = "<group>"; };
		941F7016C52F6B991858BFD4 /* HostBridgeTests.swift */ = {isa = PBXFileReference; includeInIndex = 1; lastKnownFileType = sourcecode.swift; path = HostBridgeTests.swift; sourceTree = "<group>"; };
		A1B2C3D4E5F600000000FF02 /* HostFunctionsTests.swift */ = {isa = PBXFileReference; includeInIndex = 1; lastKnownFileType = sourcecode.swift; path = HostFunctionsTests.swift; sourceTree = "<group>"; };
		A1B2C3D4E5F600000000FF12 /* CryptoHostTests.swift */ = {isa = PBXFileReference; includeInIndex = 1; lastKnownFileType = sourcecode.swift; path = CryptoHostTests.swift; sourceTree = "<group>"; };
		A1B2C3D4E5F600000000FF03 /* HostBridgeMediaTests.swift */ = {isa = PBXFileReference; includeInIndex = 1; lastKnownFileType = sourcecode.swift; path = HostBridgeMediaTests.swift; sourceTree = "<group>"; };
		AF277DCFFFF123FFC6DF26C7 /* Pods_App.framework */ = {isa = PBXFileReference; explicitFileType = wrapper.framework; includeInIndex = 0; path = Pods_App.framework; sourceTree = BUILT_PRODUCTS_DIR; };
		AF51FD2D460BCFE21FA515B2 /* Pods-App.release.xcconfig */ = {isa = PBXFileReference; includeInIndex = 1; lastKnownFileType = text.xcconfig; name = "Pods-App.release.xcconfig"; path = "Pods/Target Support Files/Pods-App/Pods-App.release.xcconfig"; sourceTree = "<group>"; };
		B36CD9CADF6F132C9A9BAAE5 /* WorkerBundleParityTests.swift */ = {isa = PBXFileReference; includeInIndex = 1; lastKnownFileType = sourcecode.swift; path = WorkerBundleParityTests.swift; sourceTree = "<group>"; };
		BF9C43E6C56BC254609ADE40 /* Pods-AppTests.release.xcconfig */ = {isa = PBXFileReference; includeInIndex = 1; lastKnownFileType = text.xcconfig; name = "Pods-AppTests.release.xcconfig"; path = "Pods/Target Support Files/Pods-AppTests/Pods-AppTests.release.xcconfig"; sourceTree = "<group>"; };
		C33C28F06BF4AE2905753A5B /* Foundation.framework */ = {isa = PBXFileReference; lastKnownFileType = wrapper.framework; name = Foundation.framework; path = Platforms/iPhoneOS.platform/Developer/SDKs/iPhoneOS12.2.sdk/System/Library/Frameworks/Foundation.framework; sourceTree = DEVELOPER_DIR; };
		D000000000000000000000A1 /* EngineCallbacks.swift */ = {isa = PBXFileReference; lastKnownFileType = sourcecode.swift; path = EngineCallbacks.swift; sourceTree = "<group>"; };
		D000000000000000000000A2 /* EnginePool.swift */ = {isa = PBXFileReference; lastKnownFileType = sourcecode.swift; path = EnginePool.swift; sourceTree = "<group>"; };
		D000000000000000000000A3 /* HostBridge.swift */ = {isa = PBXFileReference; lastKnownFileType = sourcecode.swift; path = HostBridge.swift; sourceTree = "<group>"; };
		D000000000000000000000A4 /* JavaScriptCoreTaskEngine.swift */ = {isa = PBXFileReference; lastKnownFileType = sourcecode.swift; path = JavaScriptCoreTaskEngine.swift; sourceTree = "<group>"; };
		D000000000000000000000A5 /* JsEnginePlugin.m */ = {isa = PBXFileReference; lastKnownFileType = sourcecode.c.objc; path = JsEnginePlugin.m; sourceTree = "<group>"; };
		D000000000000000000000A6 /* JsEnginePlugin.swift */ = {isa = PBXFileReference; lastKnownFileType = sourcecode.swift; path = JsEnginePlugin.swift; sourceTree = "<group>"; };
		D000000000000000000000A7 /* PathSandbox.swift */ = {isa = PBXFileReference; lastKnownFileType = sourcecode.swift; path = PathSandbox.swift; sourceTree = "<group>"; };
		D000000000000000000000AB /* ImportPicker.swift */ = {isa = PBXFileReference; lastKnownFileType = sourcecode.swift; path = ImportPicker.swift; sourceTree = "<group>"; };
		D000000000000000000000AF /* ExportTemp.swift */ = {isa = PBXFileReference; lastKnownFileType = sourcecode.swift; path = ExportTemp.swift; sourceTree = "<group>"; };
		D0000000000000000000A102 /* ExportTempTests.swift */ = {isa = PBXFileReference; includeInIndex = 1; lastKnownFileType = sourcecode.swift; path = ExportTempTests.swift; sourceTree = "<group>"; };
		D000000000000000000000AC /* CryptoHost.swift */ = {isa = PBXFileReference; lastKnownFileType = sourcecode.swift; path = CryptoHost.swift; sourceTree = "<group>"; };
		E1D0C0B0A0900000000000A1 /* SecureStore.swift */ = {isa = PBXFileReference; lastKnownFileType = sourcecode.swift; path = SecureStore.swift; sourceTree = "<group>"; };
		E1D0C0B0A0900000000000A2 /* SecureStoreHost.swift */ = {isa = PBXFileReference; lastKnownFileType = sourcecode.swift; path = SecureStoreHost.swift; sourceTree = "<group>"; };
		E1D0C0B0A0900000000000A3 /* SecureStorePlugin.swift */ = {isa = PBXFileReference; lastKnownFileType = sourcecode.swift; path = SecureStorePlugin.swift; sourceTree = "<group>"; };
		E1D0C0B0A0900000000000A4 /* SecureStorePlugin.m */ = {isa = PBXFileReference; lastKnownFileType = sourcecode.c.objc; path = SecureStorePlugin.m; sourceTree = "<group>"; };
		E1D0C0B0A0900000000000A5 /* SecureStoreTests.swift */ = {isa = PBXFileReference; includeInIndex = 1; lastKnownFileType = sourcecode.swift; path = SecureStoreTests.swift; sourceTree = "<group>"; };
		D000000000000000000000AD /* UdpHost.swift */ = {isa = PBXFileReference; lastKnownFileType = sourcecode.swift; path = UdpHost.swift; sourceTree = "<group>"; };
		D000000000000000000000AE /* TlsHost.swift */ = {isa = PBXFileReference; lastKnownFileType = sourcecode.swift; path = TlsHost.swift; sourceTree = "<group>"; };
		D000000000000000000000A8 /* PooledTask.swift */ = {isa = PBXFileReference; lastKnownFileType = sourcecode.swift; path = PooledTask.swift; sourceTree = "<group>"; };
		D000000000000000000000A9 /* TaskEngine.swift */ = {isa = PBXFileReference; lastKnownFileType = sourcecode.swift; path = TaskEngine.swift; sourceTree = "<group>"; };
		D000000000000000000000AA /* TcpHost.swift */ = {isa = PBXFileReference; lastKnownFileType = sourcecode.swift; path = TcpHost.swift; sourceTree = "<group>"; };
		D000000000000000000000E3 /* run_magick.c */ = {isa = PBXFileReference; lastKnownFileType = sourcecode.c.c; path = run_magick.c; sourceTree = "<group>"; };
		D000000000000000000000E4 /* MediaToolRunner.swift */ = {isa = PBXFileReference; lastKnownFileType = sourcecode.swift; path = MediaToolRunner.swift; sourceTree = "<group>"; };
		D000000000000000000000E5 /* ImageMagickRunner.swift */ = {isa = PBXFileReference; lastKnownFileType = sourcecode.swift; path = ImageMagickRunner.swift; sourceTree = "<group>"; };
		D000000000000000000000E6 /* FfmpegKitRunner.swift */ = {isa = PBXFileReference; lastKnownFileType = sourcecode.swift; path = FfmpegKitRunner.swift; sourceTree = "<group>"; };
		D000000000000000000000E7 /* run_magick.h */ = {isa = PBXFileReference; lastKnownFileType = sourcecode.c.h; path = run_magick.h; sourceTree = "<group>"; };
		D000000000000000000000E8 /* App-Bridging-Header.h */ = {isa = PBXFileReference; lastKnownFileType = sourcecode.c.h; path = "App-Bridging-Header.h"; sourceTree = "<group>"; };
		D000000000000000000000D1 /* worker.bundle.js */ = {isa = PBXFileReference; lastKnownFileType = sourcecode.javascript; path = worker.bundle.js; sourceTree = "<group>"; };
		FC68EB0AF532CFC21C3344DD /* Pods-App.debug.xcconfig */ = {isa = PBXFileReference; includeInIndex = 1; lastKnownFileType = text.xcconfig; name = "Pods-App.debug.xcconfig"; path = "Pods/Target Support Files/Pods-App/Pods-App.debug.xcconfig"; sourceTree = "<group>"; };
/* End PBXFileReference section */

/* Begin PBXFrameworksBuildPhase section */
		504EC3011FED79650016851F /* Frameworks */ = {
			isa = PBXFrameworksBuildPhase;
			buildActionMask = 2147483647;
			files = (
				FFEE0000000000000000B001 /* FFmpegKitFullSPM in Frameworks */,
				A084ECDBA7D38E1E42DFC39D /* Pods_App.framework in Frameworks */,
			);
			runOnlyForDeploymentPostprocessing = 0;
		};
		6A803421E2BB5B8FAB817465 /* Frameworks */ = {
			isa = PBXFrameworksBuildPhase;
			buildActionMask = 2147483647;
			files = (
				E0338ECE1EB4F25F0FEF21BB /* Foundation.framework in Frameworks */,
				251E965ABC2E507BDAF37ED5 /* Pods_AppTests.framework in Frameworks */,
			);
			runOnlyForDeploymentPostprocessing = 0;
		};
/* End PBXFrameworksBuildPhase section */

/* Begin PBXGroup section */
		27E2DDA53C4D2A4D1A88CE4A /* Frameworks */ = {
			isa = PBXGroup;
			children = (
				AF277DCFFFF123FFC6DF26C7 /* Pods_App.framework */,
				44C0B8931653FB22AB7A5156 /* iOS */,
				17ABBD4539EDBE292DFB23E7 /* Pods_AppTests.framework */,
			);
			name = Frameworks;
			sourceTree = "<group>";
		};
		44C0B8931653FB22AB7A5156 /* iOS */ = {
			isa = PBXGroup;
			children = (
				C33C28F06BF4AE2905753A5B /* Foundation.framework */,
			);
			name = iOS;
			sourceTree = "<group>";
		};
		504EC2FB1FED79650016851F = {
			isa = PBXGroup;
			children = (
				504EC3061FED79650016851F /* App */,
				504EC3051FED79650016851F /* Products */,
				7F8756D8B27F46E3366F6CEA /* Pods */,
				27E2DDA53C4D2A4D1A88CE4A /* Frameworks */,
				A3F30476FE83784B2A270DC9 /* AppTests */,
			);
			sourceTree = "<group>";
		};
		504EC3051FED79650016851F /* Products */ = {
			isa = PBXGroup;
			children = (
				504EC3041FED79650016851F /* App.app */,
				4F7072CFB47B9D6D5E9DCC75 /* AppTests.xctest */,
			);
			name = Products;
			sourceTree = "<group>";
		};
		504EC3061FED79650016851F /* App */ = {
			isa = PBXGroup;
			children = (
				50379B222058CBB4000EE86E /* capacitor.config.json */,
				504EC3071FED79650016851F /* AppDelegate.swift */,
				D000000000000000000000E8 /* App-Bridging-Header.h */,
				D000000000000000000000E1 /* MainViewController.swift */,
				D000000000000000000000C0 /* JsEngine */,
				504EC30B1FED79650016851F /* Main.storyboard */,
				504EC30E1FED79650016851F /* Assets.xcassets */,
				504EC3101FED79650016851F /* LaunchScreen.storyboard */,
				504EC3131FED79650016851F /* Info.plist */,
				2FAD9762203C412B000D30F8 /* config.xml */,
				50B271D01FEDC1A000F3C39B /* public */,
				D000000000000000000000D1 /* worker.bundle.js */,
			);
			path = App;
			sourceTree = "<group>";
		};
		7F8756D8B27F46E3366F6CEA /* Pods */ = {
			isa = PBXGroup;
			children = (
				FC68EB0AF532CFC21C3344DD /* Pods-App.debug.xcconfig */,
				AF51FD2D460BCFE21FA515B2 /* Pods-App.release.xcconfig */,
				BF9C43E6C56BC254609ADE40 /* Pods-AppTests.release.xcconfig */,
				83151A04F7CCCA92455397D7 /* Pods-AppTests.debug.xcconfig */,
			);
			name = Pods;
			sourceTree = "<group>";
		};
		A3F30476FE83784B2A270DC9 /* AppTests */ = {
			isa = PBXGroup;
			children = (
				79D28BB3B7D9903A032E51CC /* EnginePoolTests.swift */,
				941F7016C52F6B991858BFD4 /* HostBridgeTests.swift */,
				A1B2C3D4E5F600000000FF02 /* HostFunctionsTests.swift */,
				A1B2C3D4E5F600000000FF12 /* CryptoHostTests.swift */,
				E1D0C0B0A0900000000000A5 /* SecureStoreTests.swift */,
				A1B2C3D4E5F600000000FF03 /* HostBridgeMediaTests.swift */,
				07855680FE24064B7769CBB4 /* NotImplementedTests.swift */,
				A1B2C3D4E5F600000000FF22 /* PickFilesCopyFailureTests.swift */,
				7FBA8F4FD583EAFC5EFEC48E /* PathSandboxTests.swift */,
				9A1C4D2E7B3F5061A8C4D201 /* DatabasesConfigFileTests.swift */,
				D0000000000000000000A100 /* TcpHostTests.swift */,
				D0000000000000000000A101 /* MediaRunnerTests.swift */,
				D0000000000000000000A102 /* ExportTempTests.swift */,
				D0000000000000000000A103 /* ImportPickerTests.swift */,
				B36CD9CADF6F132C9A9BAAE5 /* WorkerBundleParityTests.swift */,
			);
			name = AppTests;
			path = AppTests;
			sourceTree = "<group>";
		};
		D000000000000000000000C0 /* JsEngine */ = {
			isa = PBXGroup;
			children = (
				D000000000000000000000A1 /* EngineCallbacks.swift */,
				D000000000000000000000A2 /* EnginePool.swift */,
				D000000000000000000000A3 /* HostBridge.swift */,
				D000000000000000000000A4 /* JavaScriptCoreTaskEngine.swift */,
				D000000000000000000000A5 /* JsEnginePlugin.m */,
				D000000000000000000000A6 /* JsEnginePlugin.swift */,
				D000000000000000000000A7 /* PathSandbox.swift */,
				D000000000000000000000AB /* ImportPicker.swift */,
				D000000000000000000000AF /* ExportTemp.swift */,
				D000000000000000000000AC /* CryptoHost.swift */,
				E1D0C0B0A0900000000000A1 /* SecureStore.swift */,
				E1D0C0B0A0900000000000A2 /* SecureStoreHost.swift */,
				E1D0C0B0A0900000000000A3 /* SecureStorePlugin.swift */,
				E1D0C0B0A0900000000000A4 /* SecureStorePlugin.m */,
				D000000000000000000000AD /* UdpHost.swift */,
				D000000000000000000000AE /* TlsHost.swift */,
				D000000000000000000000A8 /* PooledTask.swift */,
				D000000000000000000000A9 /* TaskEngine.swift */,
				D000000000000000000000AA /* TcpHost.swift */,
				D000000000000000000000E4 /* MediaToolRunner.swift */,
				D000000000000000000000E5 /* ImageMagickRunner.swift */,
				D000000000000000000000E6 /* FfmpegKitRunner.swift */,
				D000000000000000000000E3 /* run_magick.c */,
				D000000000000000000000E7 /* run_magick.h */,
			);
			path = JsEngine;
			sourceTree = "<group>";
		};
/* End PBXGroup section */

/* Begin PBXNativeTarget section */
		504EC3031FED79650016851F /* App */ = {
			isa = PBXNativeTarget;
			buildConfigurationList = 504EC3161FED79650016851F /* Build configuration list for PBXNativeTarget "App" */;
			buildPhases = (
				6634F4EFEBD30273BCE97C65 /* [CP] Check Pods Manifest.lock */,
				504EC3001FED79650016851F /* Sources */,
				504EC3011FED79650016851F /* Frameworks */,
				504EC3021FED79650016851F /* Resources */,
				9592DBEFFC6D2A0C8D5DEB22 /* [CP] Embed Pods Frameworks */,
			);
			buildRules = (
			);
			dependencies = (
			);
			name = App;
			packageProductDependencies = (
				FFEE0000000000000000A001 /* FFmpegKitFullSPM */,
			);
			productName = App;
			productReference = 504EC3041FED79650016851F /* App.app */;
			productType = "com.apple.product-type.application";
		};
		72F7D4E72CDA4C433C1DF069 /* AppTests */ = {
			isa = PBXNativeTarget;
			buildConfigurationList = D8DEF9CDE7BAD9045D52D1FA /* Build configuration list for PBXNativeTarget "AppTests" */;
			buildPhases = (
				51C92ED869DF2834DBE25379 /* [CP] Check Pods Manifest.lock */,
				4967BFCE35C47EB3BBC217EA /* Sources */,
				6A803421E2BB5B8FAB817465 /* Frameworks */,
				FF868ADE05F97BC1FE5F1F38 /* Resources */,
			);
			buildRules = (
			);
			dependencies = (
				8F98AC48282DC1EA852EF999 /* PBXTargetDependency */,
			);
			name = AppTests;
			productName = AppTests;
			productReference = 4F7072CFB47B9D6D5E9DCC75 /* AppTests.xctest */;
			productType = "com.apple.product-type.bundle.unit-test";
		};
/* End PBXNativeTarget section */

/* Begin PBXProject section */
		504EC2FC1FED79650016851F /* Project object */ = {
			isa = PBXProject;
			attributes = {
				LastSwiftUpdateCheck = 0920;
				LastUpgradeCheck = 0920;
				TargetAttributes = {
					504EC3031FED79650016851F = {
						CreatedOnToolsVersion = 9.2;
						LastSwiftMigration = 1100;
						ProvisioningStyle = Automatic;
					};
				};
			};
			buildConfigurationList = 504EC2FF1FED79650016851F /* Build configuration list for PBXProject "App" */;
			compatibilityVersion = "Xcode 8.0";
			developmentRegion = en;
			hasScannedForEncodings = 0;
			knownRegions = (
				en,
				Base,
			);
			mainGroup = 504EC2FB1FED79650016851F;
			packageReferences = (
				FFEE0000000000000000C001 /* XCRemoteSwiftPackageReference "ffmpeg-kit-full-spm" */,
			);
			productRefGroup = 504EC3051FED79650016851F /* Products */;
			projectDirPath = "";
			projectRoot = "";
			targets = (
				504EC3031FED79650016851F /* App */,
				72F7D4E72CDA4C433C1DF069 /* AppTests */,
			);
		};
/* End PBXProject section */

/* Begin PBXResourcesBuildPhase section */
		504EC3021FED79650016851F /* Resources */ = {
			isa = PBXResourcesBuildPhase;
			buildActionMask = 2147483647;
			files = (
				504EC3121FED79650016851F /* LaunchScreen.storyboard in Resources */,
				50B271D11FEDC1A000F3C39B /* public in Resources */,
				504EC30F1FED79650016851F /* Assets.xcassets in Resources */,
				50379B232058CBB4000EE86E /* capacitor.config.json in Resources */,
				504EC30D1FED79650016851F /* Main.storyboard in Resources */,
				2FAD9763203C412B000D30F8 /* config.xml in Resources */,
				D000000000000000000000D2 /* worker.bundle.js in Resources */,
			);
			runOnlyForDeploymentPostprocessing = 0;
		};
		FF868ADE05F97BC1FE5F1F38 /* Resources */ = {
			isa = PBXResourcesBuildPhase;
			buildActionMask = 2147483647;
			files = (
			);
			runOnlyForDeploymentPostprocessing = 0;
		};
/* End PBXResourcesBuildPhase section */

/* Begin PBXShellScriptBuildPhase section */
		51C92ED869DF2834DBE25379 /* [CP] Check Pods Manifest.lock */ = {
			isa = PBXShellScriptBuildPhase;
			buildActionMask = 2147483647;
			files = (
			);
			inputFileListPaths = (
			);
			inputPaths = (
				"${PODS_PODFILE_DIR_PATH}/Podfile.lock",
				"${PODS_ROOT}/Manifest.lock",
			);
			name = "[CP] Check Pods Manifest.lock";
			outputFileListPaths = (
			);
			outputPaths = (
				"$(DERIVED_FILE_DIR)/Pods-AppTests-checkManifestLockResult.txt",
			);
			runOnlyForDeploymentPostprocessing = 0;
			shellPath = /bin/sh;
			shellScript = "diff \"${PODS_PODFILE_DIR_PATH}/Podfile.lock\" \"${PODS_ROOT}/Manifest.lock\" > /dev/null\nif [ $? != 0 ] ; then\n    # print error to STDERR\n    echo \"error: The sandbox is not in sync with the Podfile.lock. Run 'pod install' or update your CocoaPods installation.\" >&2\n    exit 1\nfi\n# This output is used by Xcode 'outputs' to avoid re-running this script phase.\necho \"SUCCESS\" > \"${SCRIPT_OUTPUT_FILE_0}\"\n";
			showEnvVarsInLog = 0;
		};
		6634F4EFEBD30273BCE97C65 /* [CP] Check Pods Manifest.lock */ = {
			isa = PBXShellScriptBuildPhase;
			buildActionMask = 2147483647;
			files = (
			);
			inputPaths = (
				"${PODS_PODFILE_DIR_PATH}/Podfile.lock",
				"${PODS_ROOT}/Manifest.lock",
			);
			name = "[CP] Check Pods Manifest.lock";
			outputPaths = (
				"$(DERIVED_FILE_DIR)/Pods-App-checkManifestLockResult.txt",
			);
			runOnlyForDeploymentPostprocessing = 0;
			shellPath = /bin/sh;
			shellScript = "diff \"${PODS_PODFILE_DIR_PATH}/Podfile.lock\" \"${PODS_ROOT}/Manifest.lock\" > /dev/null\nif [ $? != 0 ] ; then\n    # print error to STDERR\n    echo \"error: The sandbox is not in sync with the Podfile.lock. Run 'pod install' or update your CocoaPods installation.\" >&2\n    exit 1\nfi\n# This output is used by Xcode 'outputs' to avoid re-running this script phase.\necho \"SUCCESS\" > \"${SCRIPT_OUTPUT_FILE_0}\"\n";
			showEnvVarsInLog = 0;
		};
		9592DBEFFC6D2A0C8D5DEB22 /* [CP] Embed Pods Frameworks */ = {
			isa = PBXShellScriptBuildPhase;
			buildActionMask = 2147483647;
			files = (
			);
			inputPaths = (
			);
			name = "[CP] Embed Pods Frameworks";
			outputPaths = (
			);
			runOnlyForDeploymentPostprocessing = 0;
			shellPath = /bin/sh;
			shellScript = "\"${PODS_ROOT}/Target Support Files/Pods-App/Pods-App-frameworks.sh\"\n";
			showEnvVarsInLog = 0;
		};
/* End PBXShellScriptBuildPhase section */

/* Begin PBXSourcesBuildPhase section */
		4967BFCE35C47EB3BBC217EA /* Sources */ = {
			isa = PBXSourcesBuildPhase;
			buildActionMask = 2147483647;
			files = (
				8108CF91E144FF97BA5C7390 /* EnginePoolTests.swift in Sources */,
				05483FE31349F306D45026C0 /* HostBridgeTests.swift in Sources */,
				A1B2C3D4E5F600000000FF01 /* HostFunctionsTests.swift in Sources */,
				A1B2C3D4E5F600000000FF11 /* CryptoHostTests.swift in Sources */,
				E1D0C0B0A0900000000000B5 /* SecureStoreTests.swift in Sources */,
				A1B2C3D4E5F600000000FF04 /* HostBridgeMediaTests.swift in Sources */,
				73F80B325942FD7BAAC99376 /* NotImplementedTests.swift in Sources */,
				A1B2C3D4E5F600000000FF21 /* PickFilesCopyFailureTests.swift in Sources */,
				6EB04D6B0DEC313136AB77A5 /* PathSandboxTests.swift in Sources */,
				9A1C4D2E7B3F5061A8C4D202 /* DatabasesConfigFileTests.swift in Sources */,
				D0000000000000000000B100 /* TcpHostTests.swift in Sources */,
				D0000000000000000000B101 /* MediaRunnerTests.swift in Sources */,
				D0000000000000000000B102 /* ExportTempTests.swift in Sources */,
				D0000000000000000000B103 /* ImportPickerTests.swift in Sources */,
				13E4EC3C45DA72EF0950953D /* WorkerBundleParityTests.swift in Sources */,
			);
			runOnlyForDeploymentPostprocessing = 0;
		};
		504EC3001FED79650016851F /* Sources */ = {
			isa = PBXSourcesBuildPhase;
			buildActionMask = 2147483647;
			files = (
				504EC3081FED79650016851F /* AppDelegate.swift in Sources */,
				D000000000000000000000E2 /* MainViewController.swift in Sources */,
				D000000000000000000000B1 /* EngineCallbacks.swift in Sources */,
				D000000000000000000000B2 /* EnginePool.swift in Sources */,
				D000000000000000000000B3 /* HostBridge.swift in Sources */,
				D000000000000000000000B4 /* JavaScriptCoreTaskEngine.swift in Sources */,
				D000000000000000000000B5 /* JsEnginePlugin.m in Sources */,
				D000000000000000000000B6 /* JsEnginePlugin.swift in Sources */,
				D000000000000000000000B7 /* PathSandbox.swift in Sources */,
				D000000000000000000000BB /* ImportPicker.swift in Sources */,
				D000000000000000000000CF /* ExportTemp.swift in Sources */,
				D000000000000000000000BC /* CryptoHost.swift in Sources */,
				E1D0C0B0A0900000000000B1 /* SecureStore.swift in Sources */,
				E1D0C0B0A0900000000000B2 /* SecureStoreHost.swift in Sources */,
				E1D0C0B0A0900000000000B3 /* SecureStorePlugin.swift in Sources */,
				E1D0C0B0A0900000000000B4 /* SecureStorePlugin.m in Sources */,
				D000000000000000000000BD /* UdpHost.swift in Sources */,
				D000000000000000000000BE /* TlsHost.swift in Sources */,
				D000000000000000000000B8 /* PooledTask.swift in Sources */,
				D000000000000000000000B9 /* TaskEngine.swift in Sources */,
				D000000000000000000000BA /* TcpHost.swift in Sources */,
				D000000000000000000000F3 /* run_magick.c in Sources */,
				D000000000000000000000F4 /* MediaToolRunner.swift in Sources */,
				D000000000000000000000F5 /* ImageMagickRunner.swift in Sources */,
				D000000000000000000000F6 /* FfmpegKitRunner.swift in Sources */,
			);
			runOnlyForDeploymentPostprocessing = 0;
		};
/* End PBXSourcesBuildPhase section */

/* Begin PBXTargetDependency section */
		8F98AC48282DC1EA852EF999 /* PBXTargetDependency */ = {
			isa = PBXTargetDependency;
			name = App;
			target = 504EC3031FED79650016851F /* App */;
			targetProxy = 6749A436449C331FDFBDE12A /* PBXContainerItemProxy */;
		};
/* End PBXTargetDependency section */

/* Begin PBXVariantGroup section */
		504EC30B1FED79650016851F /* Main.storyboard */ = {
			isa = PBXVariantGroup;
			children = (
				504EC30C1FED79650016851F /* Base */,
			);
			name = Main.storyboard;
			sourceTree = "<group>";
		};
		504EC3101FED79650016851F /* LaunchScreen.storyboard */ = {
			isa = PBXVariantGroup;
			children = (
				504EC3111FED79650016851F /* Base */,
			);
			name = LaunchScreen.storyboard;
			sourceTree = "<group>";
		};
/* End PBXVariantGroup section */

/* Begin XCBuildConfiguration section */
		1128E18CCCAD9AAA3CD06C48 /* Debug */ = {
			isa = XCBuildConfiguration;
			baseConfigurationReference = 83151A04F7CCCA92455397D7 /* Pods-AppTests.debug.xcconfig */;
			buildSettings = {
				BUNDLE_LOADER = "$(TEST_HOST)";
				CLANG_ENABLE_OBJC_WEAK = NO;
				CODE_SIGN_IDENTITY = "iPhone Developer";
				CODE_SIGN_STYLE = Automatic;
				GENERATE_INFOPLIST_FILE = YES;
				IPHONEOS_DEPLOYMENT_TARGET = 13.0;
				LD_RUNPATH_SEARCH_PATHS = "$(inherited) @executable_path/Frameworks @loader_path/Frameworks";
				PRODUCT_BUNDLE_IDENTIFIER = au.com.codecapers.photosphere.AppTests;
				PRODUCT_NAME = "$(TARGET_NAME)";
				SDKROOT = iphoneos;
				SWIFT_VERSION = 5.0;
				TARGETED_DEVICE_FAMILY = "1,2";
				TEST_HOST = "$(BUILT_PRODUCTS_DIR)/App.app/App";
			};
			name = Debug;
		};
		504EC3141FED79650016851F /* Debug */ = {
			isa = XCBuildConfiguration;
			buildSettings = {
				ALWAYS_SEARCH_USER_PATHS = NO;
				CLANG_ANALYZER_NONNULL = YES;
				CLANG_ANALYZER_NUMBER_OBJECT_CONVERSION = YES_AGGRESSIVE;
				CLANG_CXX_LANGUAGE_STANDARD = "gnu++14";
				CLANG_CXX_LIBRARY = "libc++";
				CLANG_ENABLE_MODULES = YES;
				CLANG_ENABLE_OBJC_ARC = YES;
				CLANG_WARN_BLOCK_CAPTURE_AUTORELEASING = YES;
				CLANG_WARN_BOOL_CONVERSION = YES;
				CLANG_WARN_COMMA = YES;
				CLANG_WARN_CONSTANT_CONVERSION = YES;
				CLANG_WARN_DIRECT_OBJC_ISA_USAGE = YES_ERROR;
				CLANG_WARN_DOCUMENTATION_COMMENTS = YES;
				CLANG_WARN_EMPTY_BODY = YES;
				CLANG_WARN_ENUM_CONVERSION = YES;
				CLANG_WARN_INFINITE_RECURSION = YES;
				CLANG_WARN_INT_CONVERSION = YES;
				CLANG_WARN_NON_LITERAL_NULL_CONVERSION = YES;
				CLANG_WARN_OBJC_LITERAL_CONVERSION = YES;
				CLANG_WARN_OBJC_ROOT_CLASS = YES_ERROR;
				CLANG_WARN_RANGE_LOOP_ANALYSIS = YES;
				CLANG_WARN_STRICT_PROTOTYPES = YES;
				CLANG_WARN_SUSPICIOUS_MOVE = YES;
				CLANG_WARN_UNGUARDED_AVAILABILITY = YES_AGGRESSIVE;
				CLANG_WARN_UNREACHABLE_CODE = YES;
				CLANG_WARN__DUPLICATE_METHOD_MATCH = YES;
				CODE_SIGN_IDENTITY = "iPhone Developer";
				COPY_PHASE_STRIP = NO;
				DEBUG_INFORMATION_FORMAT = dwarf;
				ENABLE_STRICT_OBJC_MSGSEND = YES;
				ENABLE_TESTABILITY = YES;
				GCC_C_LANGUAGE_STANDARD = gnu11;
				GCC_DYNAMIC_NO_PIC = NO;
				GCC_NO_COMMON_BLOCKS = YES;
				GCC_OPTIMIZATION_LEVEL = 0;
				GCC_PREPROCESSOR_DEFINITIONS = (
					"DEBUG=1",
					"$(inherited)",
				);
				GCC_WARN_64_TO_32_BIT_CONVERSION = YES;
				GCC_WARN_ABOUT_RETURN_TYPE = YES_ERROR;
				GCC_WARN_UNDECLARED_SELECTOR = YES;
				GCC_WARN_UNINITIALIZED_AUTOS = YES_AGGRESSIVE;
				GCC_WARN_UNUSED_FUNCTION = YES;
				GCC_WARN_UNUSED_VARIABLE = YES;
				IPHONEOS_DEPLOYMENT_TARGET = 13.0;
				MTL_ENABLE_DEBUG_INFO = YES;
				ONLY_ACTIVE_ARCH = YES;
				SDKROOT = iphoneos;
				SWIFT_ACTIVE_COMPILATION_CONDITIONS = DEBUG;
				SWIFT_OPTIMIZATION_LEVEL = "-Onone";
			};
			name = Debug;
		};
		504EC3151FED79650016851F /* Release */ = {
			isa = XCBuildConfiguration;
			buildSettings = {
				ALWAYS_SEARCH_USER_PATHS = NO;
				CLANG_ANALYZER_NONNULL = YES;
				CLANG_ANALYZER_NUMBER_OBJECT_CONVERSION = YES_AGGRESSIVE;
				CLANG_CXX_LANGUAGE_STANDARD = "gnu++14";
				CLANG_CXX_LIBRARY = "libc++";
				CLANG_ENABLE_MODULES = YES;
				CLANG_ENABLE_OBJC_ARC = YES;
				CLANG_WARN_BLOCK_CAPTURE_AUTORELEASING = YES;
				CLANG_WARN_BOOL_CONVERSION = YES;
				CLANG_WARN_COMMA = YES;
				CLANG_WARN_CONSTANT_CONVERSION = YES;
				CLANG_WARN_DIRECT_OBJC_ISA_USAGE = YES_ERROR;
				CLANG_WARN_DOCUMENTATION_COMMENTS = YES;
				CLANG_WARN_EMPTY_BODY = YES;
				CLANG_WARN_ENUM_CONVERSION = YES;
				CLANG_WARN_INFINITE_RECURSION = YES;
				CLANG_WARN_INT_CONVERSION = YES;
				CLANG_WARN_NON_LITERAL_NULL_CONVERSION = YES;
				CLANG_WARN_OBJC_LITERAL_CONVERSION = YES;
				CLANG_WARN_OBJC_ROOT_CLASS = YES_ERROR;
				CLANG_WARN_RANGE_LOOP_ANALYSIS = YES;
				CLANG_WARN_STRICT_PROTOTYPES = YES;
				CLANG_WARN_SUSPICIOUS_MOVE = YES;
				CLANG_WARN_UNGUARDED_AVAILABILITY = YES_AGGRESSIVE;
				CLANG_WARN_UNREACHABLE_CODE = YES;
				CLANG_WARN__DUPLICATE_METHOD_MATCH = YES;
				CODE_SIGN_IDENTITY = "iPhone Developer";
				COPY_PHASE_STRIP = NO;
				DEBUG_INFORMATION_FORMAT = "dwarf-with-dsym";
				ENABLE_NS_ASSERTIONS = NO;
				ENABLE_STRICT_OBJC_MSGSEND = YES;
				GCC_C_LANGUAGE_STANDARD = gnu11;
				GCC_NO_COMMON_BLOCKS = YES;
				GCC_WARN_64_TO_32_BIT_CONVERSION = YES;
				GCC_WARN_ABOUT_RETURN_TYPE = YES_ERROR;
				GCC_WARN_UNDECLARED_SELECTOR = YES;
				GCC_WARN_UNINITIALIZED_AUTOS = YES_AGGRESSIVE;
				GCC_WARN_UNUSED_FUNCTION = YES;
				GCC_WARN_UNUSED_VARIABLE = YES;
				IPHONEOS_DEPLOYMENT_TARGET = 13.0;
				MTL_ENABLE_DEBUG_INFO = NO;
				SDKROOT = iphoneos;
				SWIFT_OPTIMIZATION_LEVEL = "-Owholemodule";
				VALIDATE_PRODUCT = YES;
			};
			name = Release;
		};
		504EC3171FED79650016851F /* Debug */ = {
			isa = XCBuildConfiguration;
			baseConfigurationReference = FC68EB0AF532CFC21C3344DD /* Pods-App.debug.xcconfig */;
			buildSettings = {
				ASSETCATALOG_COMPILER_APPICON_NAME = AppIcon;
				CODE_SIGN_STYLE = Automatic;
				CURRENT_PROJECT_VERSION = 1;
				INFOPLIST_FILE = App/Info.plist;
				IPHONEOS_DEPLOYMENT_TARGET = 13.0;
				LD_RUNPATH_SEARCH_PATHS = "$(inherited) @executable_path/Frameworks";
				MARKETING_VERSION = 1.0;
				"HEADER_SEARCH_PATHS[sdk=iphoneos*]" = (
					"$(SRCROOT)/vendor/im/device/include",
					"$(SRCROOT)/vendor/im/device/include/ImageMagick-7",
				);
				"HEADER_SEARCH_PATHS[sdk=iphonesimulator*]" = (
					"$(SRCROOT)/vendor/im/sim/include",
					"$(SRCROOT)/vendor/im/sim/include/ImageMagick-7",
				);
				"LIBRARY_SEARCH_PATHS[sdk=iphoneos*]" = "$(SRCROOT)/vendor/im/device/lib";
				"LIBRARY_SEARCH_PATHS[sdk=iphonesimulator*]" = "$(SRCROOT)/vendor/im/sim/lib";
				GCC_PREPROCESSOR_DEFINITIONS = (
					"$(inherited)",
					"MAGICKCORE_HDRI_ENABLE=1",
					"MAGICKCORE_QUANTUM_DEPTH=16",
				);
				OTHER_LDFLAGS = "$(inherited) -lMagickWand-7.Q16HDRI -lMagickCore-7.Q16HDRI -ljpeg -lpng16 -lz";
				OTHER_SWIFT_FLAGS = "$(inherited) \"-D\" \"COCOAPODS\" \"-DDEBUG\"";
				PRODUCT_BUNDLE_IDENTIFIER = au.com.codecapers.photosphere;
				PRODUCT_NAME = "$(TARGET_NAME)";
				SWIFT_ACTIVE_COMPILATION_CONDITIONS = "DEBUG IMAGEMAGICK_LINKED";
				SWIFT_OBJC_BRIDGING_HEADER = "App/App-Bridging-Header.h";
				SWIFT_VERSION = 5.0;
				TARGETED_DEVICE_FAMILY = "1,2";
			};
			name = Debug;
		};
		504EC3181FED79650016851F /* Release */ = {
			isa = XCBuildConfiguration;
			baseConfigurationReference = AF51FD2D460BCFE21FA515B2 /* Pods-App.release.xcconfig */;
			buildSettings = {
				ASSETCATALOG_COMPILER_APPICON_NAME = AppIcon;
				CODE_SIGN_STYLE = Automatic;
				CURRENT_PROJECT_VERSION = 1;
				INFOPLIST_FILE = App/Info.plist;
				IPHONEOS_DEPLOYMENT_TARGET = 13.0;
				LD_RUNPATH_SEARCH_PATHS = "$(inherited) @executable_path/Frameworks";
				MARKETING_VERSION = 1.0;
				"HEADER_SEARCH_PATHS[sdk=iphoneos*]" = (
					"$(SRCROOT)/vendor/im/device/include",
					"$(SRCROOT)/vendor/im/device/include/ImageMagick-7",
				);
				"HEADER_SEARCH_PATHS[sdk=iphonesimulator*]" = (
					"$(SRCROOT)/vendor/im/sim/include",
					"$(SRCROOT)/vendor/im/sim/include/ImageMagick-7",
				);
				"LIBRARY_SEARCH_PATHS[sdk=iphoneos*]" = "$(SRCROOT)/vendor/im/device/lib";
				"LIBRARY_SEARCH_PATHS[sdk=iphonesimulator*]" = "$(SRCROOT)/vendor/im/sim/lib";
				GCC_PREPROCESSOR_DEFINITIONS = (
					"$(inherited)",
					"MAGICKCORE_HDRI_ENABLE=1",
					"MAGICKCORE_QUANTUM_DEPTH=16",
				);
				OTHER_LDFLAGS = "$(inherited) -lMagickWand-7.Q16HDRI -lMagickCore-7.Q16HDRI -ljpeg -lpng16 -lz";
				PRODUCT_BUNDLE_IDENTIFIER = au.com.codecapers.photosphere;
				PRODUCT_NAME = "$(TARGET_NAME)";
				SWIFT_ACTIVE_COMPILATION_CONDITIONS = IMAGEMAGICK_LINKED;
				SWIFT_OBJC_BRIDGING_HEADER = "App/App-Bridging-Header.h";
				SWIFT_VERSION = 5.0;
				TARGETED_DEVICE_FAMILY = "1,2";
			};
			name = Release;
		};
		EF15C452F95120CBA57617D3 /* Release */ = {
			isa = XCBuildConfiguration;
			baseConfigurationReference = BF9C43E6C56BC254609ADE40 /* Pods-AppTests.release.xcconfig */;
			buildSettings = {
				BUNDLE_LOADER = "$(TEST_HOST)";
				CLANG_ENABLE_OBJC_WEAK = NO;
				CODE_SIGN_IDENTITY = "iPhone Developer";
				CODE_SIGN_STYLE = Automatic;
				GENERATE_INFOPLIST_FILE = YES;
				IPHONEOS_DEPLOYMENT_TARGET = 13.0;
				LD_RUNPATH_SEARCH_PATHS = "$(inherited) @executable_path/Frameworks @loader_path/Frameworks";
				PRODUCT_BUNDLE_IDENTIFIER = au.com.codecapers.photosphere.AppTests;
				PRODUCT_NAME = "$(TARGET_NAME)";
				SDKROOT = iphoneos;
				SWIFT_VERSION = 5.0;
				TARGETED_DEVICE_FAMILY = "1,2";
				TEST_HOST = "$(BUILT_PRODUCTS_DIR)/App.app/App";
				VALIDATE_PRODUCT = YES;
			};
			name = Release;
		};
/* End XCBuildConfiguration section */

/* Begin XCConfigurationList section */
		504EC2FF1FED79650016851F /* Build configuration list for PBXProject "App" */ = {
			isa = XCConfigurationList;
			buildConfigurations = (
				504EC3141FED79650016851F /* Debug */,
				504EC3151FED79650016851F /* Release */,
			);
			defaultConfigurationIsVisible = 0;
			defaultConfigurationName = Release;
		};
		504EC3161FED79650016851F /* Build configuration list for PBXNativeTarget "App" */ = {
			isa = XCConfigurationList;
			buildConfigurations = (
				504EC3171FED79650016851F /* Debug */,
				504EC3181FED79650016851F /* Release */,
			);
			defaultConfigurationIsVisible = 0;
			defaultConfigurationName = Release;
		};
		D8DEF9CDE7BAD9045D52D1FA /* Build configuration list for PBXNativeTarget "AppTests" */ = {
			isa = XCConfigurationList;
			buildConfigurations = (
				EF15C452F95120CBA57617D3 /* Release */,
				1128E18CCCAD9AAA3CD06C48 /* Debug */,
			);
			defaultConfigurationIsVisible = 0;
			defaultConfigurationName = Release;
		};
/* End XCConfigurationList section */

/* Begin XCRemoteSwiftPackageReference section */
		FFEE0000000000000000C001 /* XCRemoteSwiftPackageReference "ffmpeg-kit-full-spm" */ = {
			isa = XCRemoteSwiftPackageReference;
			repositoryURL = "https://github.com/wanqing19954/ffmpeg-kit-full-spm";
			requirement = {
				kind = revision;
				revision = f45f47a11de0a83b3813161c40afa7ee7de0cdfc;
			};
		};
/* End XCRemoteSwiftPackageReference section */

/* Begin XCSwiftPackageProductDependency section */
		FFEE0000000000000000A001 /* FFmpegKitFullSPM */ = {
			isa = XCSwiftPackageProductDependency;
			package = FFEE0000000000000000C001 /* XCRemoteSwiftPackageReference "ffmpeg-kit-full-spm" */;
			productName = FFmpegKitFullSPM;
		};
/* End XCSwiftPackageProductDependency section */
	};
	rootObject = 504EC2FC1FED79650016851F /* Project object */;
}
