PODS:
  - Capacitor (5.7.8):
    - CapacitorCordova
  - CapacitorApp (5.0.8):
    - Capacitor
  - CapacitorBrowser (5.2.1):
    - Capacitor
  - CapacitorCordova (5.7.8)
  - CapacitorSplashScreen (5.0.8):
    - Capacitor

DEPENDENCIES:
  - "Capacitor (from `../../../node_modules/@capacitor/ios`)"
  - "CapacitorApp (from `../../../node_modules/@capacitor/app`)"
  - "CapacitorBrowser (from `../../../node_modules/@capacitor/browser`)"
  - "CapacitorCordova (from `../../../node_modules/@capacitor/ios`)"
  - "CapacitorSplashScreen (from `../../../node_modules/@capacitor/splash-screen`)"

EXTERNAL SOURCES:
  Capacitor:
    :path: "../../../node_modules/@capacitor/ios"
  CapacitorApp:
    :path: "../../../node_modules/@capacitor/app"
  CapacitorBrowser:
    :path: "../../../node_modules/@capacitor/browser"
  CapacitorCordova:
    :path: "../../../node_modules/@capacitor/ios"
  CapacitorSplashScreen:
    :path: "../../../node_modules/@capacitor/splash-screen"

SPEC CHECKSUMS:
  Capacitor: 747aadb4fa786f460d8cd9d0557cb81440a13747
  CapacitorApp: 102e553c3b1fdc255969c39aa19b529675690ef4
  CapacitorBrowser: bac3132be6506411704149f9f2099843ffe470a0
  CapacitorCordova: 31ab98dca2ddcee051027a1afe7e8c85c82f7297
  CapacitorSplashScreen: 7a69e693bc1ef83e4bd3fb073bd8c8fa33e9059e

PODFILE CHECKSUM: ab2e084af689ab58d8f2c79a0de51346d2918f93

COCOAPODS: 1.9.3
